{
  "name": "netswarm-simulator",
  "version": "0.1.0",
  "lockfileVersion": 1,
  "requires": true,
  "dependencies": {
    "JSCPP": {
      "version": "2.0.8",
      "resolved": "https://registry.npmjs.org/JSCPP/-/JSCPP-2.0.8.tgz",
      "integrity": "sha1-3A2v2BmpsfFRKhTLOmjSQ+TUfiU=",
      "requires": {
        "pegjs-util": "^1.4.0",
        "printf": "^0.2.5"
      }
    },
    "pegjs": {
      "version": "0.10.0",
      "resolved": "https://registry.npmjs.org/pegjs/-/pegjs-0.10.0.tgz",
      "integrity": "sha1-z4uvrm7d/0tafvsYUmnqr0YQ3b0="
    },
    "pegjs-util": {
      "version": "1.4.17",
      "resolved": "https://registry.npmjs.org/pegjs-util/-/pegjs-util-1.4.17.tgz",
      "integrity": "sha512-WJPS+MERC9PZ9DpYL7LF0p/fhZyKxg1A8wlZ8qBj0rnvgQ5IQXC/rjqKY4BMsJo0nq+wPoWFAfjxbBPneOtXwA==",
      "requires": {
        "pegjs": ">=0.10.0"
      }
    },
    "printf": {
      "version": "0.2.5",
      "resolved": "https://registry.npmjs.org/printf/-/printf-0.2.5.tgz",
      "integrity": "sha1-xDjKLKM+OSdnHbSracDlL5NqTw8="
    }
  }
}
